Microsoft Visual Studio Solution File, Format Version 12.00
# Visual Studio Version 17
VisualStudioVersion = 17.5.2.0
MinimumVisualStudioVersion = 10.0.40219.1
Project("{FAE04EC0-301F-11D3-BF4B-00C04F79EFBC}") = "CommercePrototype-Backend", "CommercePrototype-Backend\CommercePrototype-Backend.csproj", "{50988012-28B3-ECAA-EC40-0C53D688D95E}"
EndProject
Global
	GlobalSection(SolutionConfigurationPlatforms) = preSolution
		Debug|Any CPU = Debug|Any CPU
		Release|Any CPU = Release|Any CPU
	EndGlobalSection
	GlobalSection(ProjectConfigurationPlatforms) = postSolution
		{50988012-28B3-ECAA-EC40-0C53D688D95E}.Debug|Any CPU.ActiveCfg = Debug|Any CPU
		{50988012-28B3-ECAA-EC40-0C53D688D95E}.Debug|Any CPU.Build.0 = Debug|Any CPU
		{50988012-28B3-ECAA-EC40-0C53D688D95E}.Release|Any CPU.ActiveCfg = Release|Any CPU
		{50988012-28B3-ECAA-EC40-0C53D688D95E}.Release|Any CPU.Build.0 = Release|Any CPU
	EndGlobalSection
	GlobalSection(SolutionProperties) = preSolution
		HideSolutionNode = FALSE
	EndGlobalSection
	GlobalSection(ExtensibilityGlobals) = postSolution
		SolutionGuid = {689A518A-631D-465E-B3F5-EED0609F6F92}
	EndGlobalSection
EndGlobal
